
Microsoft Visual Studio Solution File, Format Version 12.00
# Visual Studio Version 17
VisualStudioVersion = 17.6.33829.357
MinimumVisualStudioVersion = 10.0.40219.1
Project("{FAE04EC0-301F-11D3-BF4B-00C04F79EFBC}") = "Laboratorio04", "Laboratorio04\Laboratorio04.csproj", "{585033C0-1424-4150-B76F-1C95B06F78A0}"
EndProject
Global
	GlobalSection(SolutionConfigurationPlatforms) = preSolution
		Debug|Any CPU = Debug|Any CPU
		Release|Any CPU = Release|Any CPU
	EndGlobalSection
	GlobalSection(ProjectConfigurationPlatforms) = postSolution
		{585033C0-1424-4150-B76F-1C95B06F78A0}.Debug|Any CPU.ActiveCfg = Debug|Any CPU
		{585033C0-1424-4150-B76F-1C95B06F78A0}.Debug|Any CPU.Build.0 = Debug|Any CPU
		{585033C0-1424-4150-B76F-1C95B06F78A0}.Release|Any CPU.ActiveCfg = Release|Any CPU
		{585033C0-1424-4150-B76F-1C95B06F78A0}.Release|Any CPU.Build.0 = Release|Any CPU
	EndGlobalSection
	GlobalSection(SolutionProperties) = preSolution
		HideSolutionNode = FALSE
	EndGlobalSection
	GlobalSection(ExtensibilityGlobals) = postSolution
		SolutionGuid = {8FD20CED-A253-49C1-BFC2-7C92E9BE0648}
	EndGlobalSection
EndGlobal
