
Microsoft Visual Studio Solution File, Format Version 12.00
# Visual Studio Version 17
VisualStudioVersion = 17.6.33829.357
MinimumVisualStudioVersion = 10.0.40219.1
Project("{9A19103F-16F7-4668-BE54-9A1E7A4F7556}") = "Ejercicio01", "Ejercicio01\Ejercicio01.csproj", "{481BA6EE-3490-4FB2-8D6B-E4B62F56D8DC}"
EndProject
Project("{FAE04EC0-301F-11D3-BF4B-00C04F79EFBC}") = "Ejercicio02", "Ejercicio02\Ejercicio02.csproj", "{252C7F7B-5947-4B8C-B59B-E96F58DDD1EA}"
EndProject
Global
	GlobalSection(SolutionConfigurationPlatforms) = preSolution
		Debug|Any CPU = Debug|Any CPU
		Release|Any CPU = Release|Any CPU
	EndGlobalSection
	GlobalSection(ProjectConfigurationPlatforms) = postSolution
		{481BA6EE-3490-4FB2-8D6B-E4B62F56D8DC}.Debug|Any CPU.ActiveCfg = Debug|Any CPU
		{481BA6EE-3490-4FB2-8D6B-E4B62F56D8DC}.Debug|Any CPU.Build.0 = Debug|Any CPU
		{481BA6EE-3490-4FB2-8D6B-E4B62F56D8DC}.Release|Any CPU.ActiveCfg = Release|Any CPU
		{481BA6EE-3490-4FB2-8D6B-E4B62F56D8DC}.Release|Any CPU.Build.0 = Release|Any CPU
		{252C7F7B-5947-4B8C-B59B-E96F58DDD1EA}.Debug|Any CPU.ActiveCfg = Debug|Any CPU
		{252C7F7B-5947-4B8C-B59B-E96F58DDD1EA}.Debug|Any CPU.Build.0 = Debug|Any CPU
		{252C7F7B-5947-4B8C-B59B-E96F58DDD1EA}.Release|Any CPU.ActiveCfg = Release|Any CPU
		{252C7F7B-5947-4B8C-B59B-E96F58DDD1EA}.Release|Any CPU.Build.0 = Release|Any CPU
	EndGlobalSection
	GlobalSection(SolutionProperties) = preSolution
		HideSolutionNode = FALSE
	EndGlobalSection
	GlobalSection(ExtensibilityGlobals) = postSolution
		SolutionGuid = {0EE1C92C-5354-4747-A225-13B596CD9F70}
	EndGlobalSection
EndGlobal
